// !$*UTF8*$!
{
	archiveVersion = 1;
	classes = {
	};
	objectVersion = 56;
	objects = {

/* Begin PBXFileReference section */
		FEA91EAF2AF71820003EECD5 /* universalled_app.c */ = {isa = PBXFileReference; lastKnownFileType = sourcecode.c.c; path = universalled_app.c; sourceTree = "<group>"; };
		FEA91EB02AF71820003EECD5 /* universalled_app.ir */ = {isa = PBXFileReference; lastKnownFileType = text; path = universalled_app.ir; sourceTree = "<group>"; };
		FEA91EB12AF7182C003EECD5 /* app.png */ = {isa = PBXFileReference; lastKnownFileType = image.png; path = app.png; sourceTree = "<group>"; };
		FEA91EB32AF7182C003EECD5 /* README.md */ = {isa = PBXFileReference; lastKnownFileType = net.daringfireball.markdown; path = README.md; sourceTree = "<group>"; };
		FEDDD5632AF7209200116E21 /* application.fam */ = {isa = PBXFileReference; lastKnownFileType = text; path = application.fam; sourceTree = "<group>"; };
		FEDDD5642AF7227300116E21 /* infrared_app.h */ = {isa = PBXFileReference; lastKnownFileType = sourcecode.c.h; path = infrared_app.h; sourceTree = "<group>"; };
		FEDDD5652AF7237800116E21 /* applications_user */ = {isa = PBXFileReference; lastKnownFileType = folder; path = applications_user; sourceTree = "<group>"; };
/* End PBXFileReference section */

/* Begin PBXGroup section */
		FEA91EA82AF71813003EECD5 = {
			isa = PBXGroup;
			children = (
				FEA91EAF2AF71820003EECD5 /* universalled_app.c */,
				FEA91EB02AF71820003EECD5 /* universalled_app.ir */,
				FEA91EB12AF7182C003EECD5 /* app.png */,
				FEA91EB32AF7182C003EECD5 /* README.md */,
				FEDDD5632AF7209200116E21 /* application.fam */,
				FEDDD5642AF7227300116E21 /* infrared_app.h */,
				FEDDD5652AF7237800116E21 /* applications_user */,
			);
			sourceTree = "<group>";
		};
/* End PBXGroup section */

/* Begin PBXProject section */
		FEA91EA92AF71813003EECD5 /* Project object */ = {
			isa = PBXProject;
			attributes = {
				BuildIndependentTargetsInParallel = 1;
				LastUpgradeCheck = 1500;
			};
			buildConfigurationList = FEA91EAC2AF71813003EECD5 /* Build configuration list for PBXProject "universal led v2" */;
			compatibilityVersion = "Xcode 14.0";
			developmentRegion = en;
			hasScannedForEncodings = 0;
			knownRegions = (
				en,
				Base,
			);
			mainGroup = FEA91EA82AF71813003EECD5;
			projectDirPath = "";
			projectRoot = "";
			targets = (
			);
		};
/* End PBXProject section */

/* Begin XCBuildConfiguration section */
		FEA91EAD2AF71813003EECD5 /* Debug */ = {
			isa = XCBuildConfiguration;
			buildSettings = {
			};
			name = Debug;
		};
		FEA91EAE2AF71813003EECD5 /* Release */ = {
			isa = XCBuildConfiguration;
			buildSettings = {
			};
			name = Release;
		};
/* End XCBuildConfiguration section */

/* Begin XCConfigurationList section */
		FEA91EAC2AF71813003EECD5 /* Build configuration list for PBXProject "universal led v2" */ = {
			isa = XCConfigurationList;
			buildConfigurations = (
				FEA91EAD2AF71813003EECD5 /* Debug */,
				FEA91EAE2AF71813003EECD5 /* Release */,
			);
			defaultConfigurationIsVisible = 0;
			defaultConfigurationName = Release;
		};
/* End XCConfigurationList section */
	};
	rootObject = FEA91EA92AF71813003EECD5 /* Project object */;
}
